
Microsoft Visual Studio Solution File, Format Version 12.00
# Visual Studio Version 16
VisualStudioVersion = 16.0.30406.217
MinimumVisualStudioVersion = 10.0.40219.1
Project("{9092AA53-FB77-4645-B42D-1CCCA6BD08BD}") = "GregoryJenk.Aesthetic.Scheme.Default", "GregoryJenk.Aesthetic.Scheme.Default\GregoryJenk.Aesthetic.Scheme.Default.njsproj", "{372D5CFA-42A0-46EC-B13B-8586B33AA5DE}"
EndProject
Global
	GlobalSection(SolutionConfigurationPlatforms) = preSolution
		Debug|Any CPU = Debug|Any CPU
		Release|Any CPU = Release|Any CPU
	EndGlobalSection
	GlobalSection(ProjectConfigurationPlatforms) = postSolution
		{372D5CFA-42A0-46EC-B13B-8586B33AA5DE}.Debug|Any CPU.ActiveCfg = Debug|Any CPU
		{372D5CFA-42A0-46EC-B13B-8586B33AA5DE}.Debug|Any CPU.Build.0 = Debug|Any CPU
		{372D5CFA-42A0-46EC-B13B-8586B33AA5DE}.Release|Any CPU.ActiveCfg = Release|Any CPU
		{372D5CFA-42A0-46EC-B13B-8586B33AA5DE}.Release|Any CPU.Build.0 = Release|Any CPU
	EndGlobalSection
	GlobalSection(SolutionProperties) = preSolution
		HideSolutionNode = FALSE
	EndGlobalSection
	GlobalSection(ExtensibilityGlobals) = postSolution
		SolutionGuid = {86F3B894-E27D-44BF-8DFC-129C04A73E83}
	EndGlobalSection
EndGlobal
